
Microsoft Visual Studio Solution File, Format Version 12.00
# Visual Studio Version 16
VisualStudioVersion = 16.0.32002.261
MinimumVisualStudioVersion = 10.0.40219.1
Project("{FAE04EC0-301F-11D3-BF4B-00C04F79EFBC}") = "R10546039YDLINAss09", "R10546039YDLINAss09\R10546039YDLINAss09.csproj", "{BCD1534E-A2C4-461C-9C78-75847B1C16A8}"
EndProject
Project("{FAE04EC0-301F-11D3-BF4B-00C04F79EFBC}") = "SSQLibrary", "SSQLibrary\SSQLibrary.csproj", "{C10AA680-B2FD-42D1-AE67-DCB8BFF30FB0}"
EndProject
Global
	GlobalSection(SolutionConfigurationPlatforms) = preSolution
		Debug|Any CPU = Debug|Any CPU
		Release|Any CPU = Release|Any CPU
	EndGlobalSection
	GlobalSection(ProjectConfigurationPlatforms) = postSolution
		{BCD1534E-A2C4-461C-9C78-75847B1C16A8}.Debug|Any CPU.ActiveCfg = Debug|Any CPU
		{BCD1534E-A2C4-461C-9C78-75847B1C16A8}.Debug|Any CPU.Build.0 = Debug|Any CPU
		{BCD1534E-A2C4-461C-9C78-75847B1C16A8}.Release|Any CPU.ActiveCfg = Release|Any CPU
		{BCD1534E-A2C4-461C-9C78-75847B1C16A8}.Release|Any CPU.Build.0 = Release|Any CPU
		{C10AA680-B2FD-42D1-AE67-DCB8BFF30FB0}.Debug|Any CPU.ActiveCfg = Debug|Any CPU
		{C10AA680-B2FD-42D1-AE67-DCB8BFF30FB0}.Debug|Any CPU.Build.0 = Debug|Any CPU
		{C10AA680-B2FD-42D1-AE67-DCB8BFF30FB0}.Release|Any CPU.ActiveCfg = Release|Any CPU
		{C10AA680-B2FD-42D1-AE67-DCB8BFF30FB0}.Release|Any CPU.Build.0 = Release|Any CPU
	EndGlobalSection
	GlobalSection(SolutionProperties) = preSolution
		HideSolutionNode = FALSE
	EndGlobalSection
	GlobalSection(ExtensibilityGlobals) = postSolution
		SolutionGuid = {D8B0021D-0A2A-4FE3-84AC-B63979082599}
	EndGlobalSection
EndGlobal
